{
	"name": "hello",
	"version": "1.0.0",
	"lockfileVersion": 1,
	"requires": true,
	"dependencies": {
		"applicationinsights": {
			"version": "1.0.2",
			"resolved": "https://registry.npmjs.org/applicationinsights/-/applicationinsights-1.0.2.tgz",
			"integrity": "sha1-XQF8EYWsIsgom7IiBB0l+Cx8MVk=",
			"requires": {
				"diagnostic-channel": "0.2.0",
				"diagnostic-channel-publishers": "0.2.1",
				"zone.js": "0.7.6"
			}
		},
		"diagnostic-channel": {
			"version": "0.2.0",
			"resolved": "https://registry.npmjs.org/diagnostic-channel/-/diagnostic-channel-0.2.0.tgz",
			"integrity": "sha1-zJmvlhLCP7H/8TYSxy8sv6qNWhc=",
			"requires": {
				"semver": "5.5.0"
			}
		},
		"diagnostic-channel-publishers": {
			"version": "0.2.1",
			"resolved":
				"https://registry.npmjs.org/diagnostic-channel-publishers/-/diagnostic-channel-publishers-0.2.1.tgz",
			"integrity": "sha1-ji1geottef6IC1SLxYzGvrKIxPM="
		},
		"lodash": {
			"version": "4.17.5",
			"resolved": "https://registry.npmjs.org/lodash/-/lodash-4.17.5.tgz",
			"integrity":
				"sha512-svL3uiZf1RwhH+cWrfZn3A4+U58wbP0tGVTLQPbjplZxZ8ROD9VLuNgsRniTlLe7OlSqR79RUehXgpBW/s0IQw=="
		},
		"pirate-speak": {
			"version": "1.0.1",
			"resolved": "https://registry.npmjs.org/pirate-speak/-/pirate-speak-1.0.1.tgz",
			"integrity": "sha1-wUteSqyE7SWAOxAp8B9y0vifNws="
		},
		"semver": {
			"version": "5.5.0",
			"resolved": "https://registry.npmjs.org/semver/-/semver-5.5.0.tgz",
			"integrity":
				"sha512-4SJ3dm0WAwWy/NVeioZh5AntkdJoWKxHxcmyP622fOkgHa4z3R0TdBJICINyaSDE6uNwVc8gZr+ZinwZAH4xIA=="
		},
		"zone.js": {
			"version": "0.7.6",
			"resolved": "https://registry.npmjs.org/zone.js/-/zone.js-0.7.6.tgz",
			"integrity": "sha1-+7w50+AmHQmG8boGMG6zrrDSIAk="
		}
	}
}
